// !$*UTF8*$!
{
	archiveVersion = 1;
	classes = {
	};
	objectVersion = 77;
	objects = {

/* Begin PBXContainerItemProxy section */
		A9BE0BEE2D77D2FC00BBD371 /* PBXContainerItemProxy */ = {
			isa = PBXContainerItemProxy;
			containerPortal = A9BE0BCF2D77D2FB00BBD371 /* Project object */;
			proxyType = 1;
			remoteGlobalIDString = A9BE0BD62D77D2FB00BBD371;
			remoteInfo = Finalproject;
		};
		A9BE0BF82D77D2FC00BBD371 /* PBXContainerItemProxy */ = {
			isa = PBXContainerItemProxy;
			containerPortal = A9BE0BCF2D77D2FB00BBD371 /* Project object */;
			proxyType = 1;
			remoteGlobalIDString = A9BE0BD62D77D2FB00BBD371;
			remoteInfo = Finalproject;
		};
/* End PBXContainerItemProxy section */

/* Begin PBXFileReference section */
		A9BE0BD72D77D2FB00BBD371 /* Finalproject.app */ = {isa = PBXFileReference; explicitFileType = wrapper.application; includeInIndex = 0; path = Finalproject.app; sourceTree = BUILT_PRODUCTS_DIR; };
		A9BE0BED2D77D2FC00BBD371 /* FinalprojectTests.xctest */ = {isa = PBXFileReference; explicitFileType = wrapper.cfbundle; includeInIndex = 0; path = FinalprojectTests.xctest; sourceTree = BUILT_PRODUCTS_DIR; };
		A9BE0BF72D77D2FC00BBD371 /* FinalprojectUITests.xctest */ = {isa = PBXFileReference; explicitFileType = wrapper.cfbundle; includeInIndex = 0; path = FinalprojectUITests.xctest; sourceTree = BUILT_PRODUCTS_DIR; };
/* End PBXFileReference section */

/* Begin PBXFileSystemSynchronizedBuildFileExceptionSet section */
		A9BE0BFF2D77D2FC00BBD371 /* Exceptions for "Finalproject" folder in "Finalproject" target */ = {
			isa = PBXFileSystemSynchronizedBuildFileExceptionSet;
			membershipExceptions = (
				Info.plist,
			);
			target = A9BE0BD62D77D2FB00BBD371 /* Finalproject */;
		};
/* End PBXFileSystemSynchronizedBuildFileExceptionSet section */

/* Begin PBXFileSystemSynchronizedRootGroup section */
		A9BE0BD92D77D2FB00BBD371 /* Finalproject */ = {
			isa = PBXFileSystemSynchronizedRootGroup;
			exceptions = (
				A9BE0BFF2D77D2FC00BBD371 /* Exceptions for "Finalproject" folder in "Finalproject" target */,
			);
			path = Finalproject;
			sourceTree = "<group>";
		};
		A9BE0BF02D77D2FC00BBD371 /* FinalprojectTests */ = {
			isa = PBXFileSystemSynchronizedRootGroup;
			path = FinalprojectTests;
			sourceTree = "<group>";
		};
		A9BE0BFA2D77D2FC00BBD371 /* FinalprojectUITests */ = {
			isa = PBXFileSystemSynchronizedRootGroup;
			path = FinalprojectUITests;
			sourceTree = "<group>";
		};
/* End PBXFileSystemSynchronizedRootGroup section */

/* Begin PBXFrameworksBuildPhase section */
		A9BE0BD42D77D2FB00BBD371 /* Frameworks */ = {
			isa = PBXFrameworksBuildPhase;
			buildActionMask = 2147483647;
			files = (
			);
			runOnlyForDeploymentPostprocessing = 0;
		};
		A9BE0BEA2D77D2FC00BBD371 /* Frameworks */ = {
			isa = PBXFrameworksBuildPhase;
			buildActionMask = 2147483647;
			files = (
			);
			runOnlyForDeploymentPostprocessing = 0;
		};
		A9BE0BF42D77D2FC00BBD371 /* Frameworks */ = {
			isa = PBXFrameworksBuildPhase;
			buildActionMask = 2147483647;
			files = (
			);
			runOnlyForDeploymentPostprocessing = 0;
		};
/* End PBXFrameworksBuildPhase section */

/* Begin PBXGroup section */
		A9BE0BCE2D77D2FB00BBD371 = {
			isa = PBXGroup;
			children = (
				A9BE0BD92D77D2FB00BBD371 /* Finalproject */,
				A9BE0BF02D77D2FC00BBD371 /* FinalprojectTests */,
				A9BE0BFA2D77D2FC00BBD371 /* FinalprojectUITests */,
				A9BE0BD82D77D2FB00BBD371 /* Products */,
			);
			sourceTree = "<group>";
		};
		A9BE0BD82D77D2FB00BBD371 /* Products */ = {
			isa = PBXGroup;
			children = (
				A9BE0BD72D77D2FB00BBD371 /* Finalproject.app */,
				A9BE0BED2D77D2FC00BBD371 /* FinalprojectTests.xctest */,
				A9BE0BF72D77D2FC00BBD371 /* FinalprojectUITests.xctest */,
			);
			name = Products;
			sourceTree = "<group>";
		};
/* End PBXGroup section */

/* Begin PBXNativeTarget section */
		A9BE0BD62D77D2FB00BBD371 /* Finalproject */ = {
			isa = PBXNativeTarget;
			buildConfigurationList = A9BE0C002D77D2FC00BBD371 /* Build configuration list for PBXNativeTarget "Finalproject" */;
			buildPhases = (
				A9BE0BD32D77D2FB00BBD371 /* Sources */,
				A9BE0BD42D77D2FB00BBD371 /* Frameworks */,
				A9BE0BD52D77D2FB00BBD371 /* Resources */,
			);
			buildRules = (
			);
			dependencies = (
			);
			fileSystemSynchronizedGroups = (
				A9BE0BD92D77D2FB00BBD371 /* Finalproject */,
			);
			name = Finalproject;
			packageProductDependencies = (
			);
			productName = Finalproject;
			productReference = A9BE0BD72D77D2FB00BBD371 /* Finalproject.app */;
			productType = "com.apple.product-type.application";
		};
		A9BE0BEC2D77D2FC00BBD371 /* FinalprojectTests */ = {
			isa = PBXNativeTarget;
			buildConfigurationList = A9BE0C052D77D2FC00BBD371 /* Build configuration list for PBXNativeTarget "FinalprojectTests" */;
			buildPhases = (
				A9BE0BE92D77D2FC00BBD371 /* Sources */,
				A9BE0BEA2D77D2FC00BBD371 /* Frameworks */,
				A9BE0BEB2D77D2FC00BBD371 /* Resources */,
			);
			buildRules = (
			);
			dependencies = (
				A9BE0BEF2D77D2FC00BBD371 /* PBXTargetDependency */,
			);
			fileSystemSynchronizedGroups = (
				A9BE0BF02D77D2FC00BBD371 /* FinalprojectTests */,
			);
			name = FinalprojectTests;
			packageProductDependencies = (
			);
			productName = FinalprojectTests;
			productReference = A9BE0BED2D77D2FC00BBD371 /* FinalprojectTests.xctest */;
			productType = "com.apple.product-type.bundle.unit-test";
		};
		A9BE0BF62D77D2FC00BBD371 /* FinalprojectUITests */ = {
			isa = PBXNativeTarget;
			buildConfigurationList = A9BE0C082D77D2FC00BBD371 /* Build configuration list for PBXNativeTarget "FinalprojectUITests" */;
			buildPhases = (
				A9BE0BF32D77D2FC00BBD371 /* Sources */,
				A9BE0BF42D77D2FC00BBD371 /* Frameworks */,
				A9BE0BF52D77D2FC00BBD371 /* Resources */,
			);
			buildRules = (
			);
			dependencies = (
				A9BE0BF92D77D2FC00BBD371 /* PBXTargetDependency */,
			);
			fileSystemSynchronizedGroups = (
				A9BE0BFA2D77D2FC00BBD371 /* FinalprojectUITests */,
			);
			name = FinalprojectUITests;
			packageProductDependencies = (
			);
			productName = FinalprojectUITests;
			productReference = A9BE0BF72D77D2FC00BBD371 /* FinalprojectUITests.xctest */;
			productType = "com.apple.product-type.bundle.ui-testing";
		};
/* End PBXNativeTarget section */

/* Begin PBXProject section */
		A9BE0BCF2D77D2FB00BBD371 /* Project object */ = {
			isa = PBXProject;
			attributes = {
				BuildIndependentTargetsInParallel = 1;
				LastSwiftUpdateCheck = 1620;
				LastUpgradeCheck = 1620;
				TargetAttributes = {
					A9BE0BD62D77D2FB00BBD371 = {
						CreatedOnToolsVersion = 16.2;
					};
					A9BE0BEC2D77D2FC00BBD371 = {
						CreatedOnToolsVersion = 16.2;
						TestTargetID = A9BE0BD62D77D2FB00BBD371;
					};
					A9BE0BF62D77D2FC00BBD371 = {
						CreatedOnToolsVersion = 16.2;
						TestTargetID = A9BE0BD62D77D2FB00BBD371;
					};
				};
			};
			buildConfigurationList = A9BE0BD22D77D2FB00BBD371 /* Build configuration list for PBXProject "Finalproject" */;
			developmentRegion = en;
			hasScannedForEncodings = 0;
			knownRegions = (
				en,
				Base,
			);
			mainGroup = A9BE0BCE2D77D2FB00BBD371;
			minimizedProjectReferenceProxies = 1;
			preferredProjectObjectVersion = 77;
			productRefGroup = A9BE0BD82D77D2FB00BBD371 /* Products */;
			projectDirPath = "";
			projectRoot = "";
			targets = (
				A9BE0BD62D77D2FB00BBD371 /* Finalproject */,
				A9BE0BEC2D77D2FC00BBD371 /* FinalprojectTests */,
				A9BE0BF62D77D2FC00BBD371 /* FinalprojectUITests */,
			);
		};
/* End PBXProject section */

/* Begin PBXResourcesBuildPhase section */
		A9BE0BD52D77D2FB00BBD371 /* Resources */ = {
			isa = PBXResourcesBuildPhase;
			buildActionMask = 2147483647;
			files = (
			);
			runOnlyForDeploymentPostprocessing = 0;
		};
		A9BE0BEB2D77D2FC00BBD371 /* Resources */ = {
			isa = PBXResourcesBuildPhase;
			buildActionMask = 2147483647;
			files = (
			);
			runOnlyForDeploymentPostprocessing = 0;
		};
		A9BE0BF52D77D2FC00BBD371 /* Resources */ = {
			isa = PBXResourcesBuildPhase;
			buildActionMask = 2147483647;
			files = (
			);
			runOnlyForDeploymentPostprocessing = 0;
		};
/* End PBXResourcesBuildPhase section */

/* Begin PBXSourcesBuildPhase section */
		A9BE0BD32D77D2FB00BBD371 /* Sources */ = {
			isa = PBXSourcesBuildPhase;
			buildActionMask = 2147483647;
			files = (
			);
			runOnlyForDeploymentPostprocessing = 0;
		};
		A9BE0BE92D77D2FC00BBD371 /* Sources */ = {
			isa = PBXSourcesBuildPhase;
			buildActionMask = 2147483647;
			files = (
			);
			runOnlyForDeploymentPostprocessing = 0;
		};
		A9BE0BF32D77D2FC00BBD371 /* Sources */ = {
			isa = PBXSourcesBuildPhase;
			buildActionMask = 2147483647;
			files = (
			);
			runOnlyForDeploymentPostprocessing = 0;
		};
/* End PBXSourcesBuildPhase section */

/* Begin PBXTargetDependency section */
		A9BE0BEF2D77D2FC00BBD371 /* PBXTargetDependency */ = {
			isa = PBXTargetDependency;
			target = A9BE0BD62D77D2FB00BBD371 /* Finalproject */;
			targetProxy = A9BE0BEE2D77D2FC00BBD371 /* PBXContainerItemProxy */;
		};
		A9BE0BF92D77D2FC00BBD371 /* PBXTargetDependency */ = {
			isa = PBXTargetDependency;
			target = A9BE0BD62D77D2FB00BBD371 /* Finalproject */;
			targetProxy = A9BE0BF82D77D2FC00BBD371 /* PBXContainerItemProxy */;
		};
/* End PBXTargetDependency section */

/* Begin XCBuildConfiguration section */
		A9BE0C012D77D2FC00BBD371 /* Debug */ = {
			isa = XCBuildConfiguration;
			buildSettings = {
				ASSETCATALOG_COMPILER_APPICON_NAME = AppIcon;
				ASSETCATALOG_COMPILER_GLOBAL_ACCENT_COLOR_NAME = AccentColor;
				CODE_SIGN_STYLE = Automatic;
				CURRENT_PROJECT_VERSION = 1;
				GENERATE_INFOPLIST_FILE = YES;
				INFOPLIST_FILE = Finalproject/Info.plist;
				INFOPLIST_KEY_UIApplicationSupportsIndirectInputEvents = YES;
				INFOPLIST_KEY_UILaunchStoryboardName = LaunchScreen;
				INFOPLIST_KEY_UIMainStoryboardFile = Main;
				INFOPLIST_KEY_UISupportedInterfaceOrientations_iPad = "UIInterfaceOrientationPortrait UIInterfaceOrientationPortraitUpsideDown UIInterfaceOrientationLandscapeLeft UIInterfaceOrientationLandscapeRight";
				INFOPLIST_KEY_UISupportedInterfaceOrientations_iPhone = "UIInterfaceOrientationPortrait UIInterfaceOrientationLandscapeLeft UIInterfaceOrientationLandscapeRight";
				LD_RUNPATH_SEARCH_PATHS = (
					"$(inherited)",
					"@executable_path/Frameworks",
				);
				MARKETING_VERSION = 1.0;
				PRODUCT_BUNDLE_IDENTIFIER = com.Gtallur1.Finalproject;
				PRODUCT_NAME = "$(TARGET_NAME)";
				SWIFT_EMIT_LOC_STRINGS = YES;
				SWIFT_VERSION = 5.0;
				TARGETED_DEVICE_FAMILY = "1,2";
			};
			name = Debug;
		};
		A9BE0C022D77D2FC00BBD371 /* Release */ = {
			isa = XCBuildConfiguration;
			buildSettings = {
				ASSETCATALOG_COMPILER_APPICON_NAME = AppIcon;
				ASSETCATALOG_COMPILER_GLOBAL_ACCENT_COLOR_NAME = AccentColor;
				CODE_SIGN_STYLE = Automatic;
				CURRENT_PROJECT_VERSION = 1;
				GENERATE_INFOPLIST_FILE = YES;
				INFOPLIST_FILE = Finalproject/Info.plist;
				INFOPLIST_KEY_UIApplicationSupportsIndirectInputEvents = YES;
				INFOPLIST_KEY_UILaunchStoryboardName = LaunchScreen;
				INFOPLIST_KEY_UIMainStoryboardFile = Main;
				INFOPLIST_KEY_UISupportedInterfaceOrientations_iPad = "UIInterfaceOrientationPortrait UIInterfaceOrientationPortraitUpsideDown UIInterfaceOrientationLandscapeLeft UIInterfaceOrientationLandscapeRight";
				INFOPLIST_KEY_UISupportedInterfaceOrientations_iPhone = "UIInterfaceOrientationPortrait UIInterfaceOrientationLandscapeLeft UIInterfaceOrientationLandscapeRight";
				LD_RUNPATH_SEARCH_PATHS = (
					"$(inherited)",
					"@executable_path/Frameworks",
				);
				MARKETING_VERSION = 1.0;
				PRODUCT_BUNDLE_IDENTIFIER = com.Gtallur1.Finalproject;
				PRODUCT_NAME = "$(TARGET_NAME)";
				SWIFT_EMIT_LOC_STRINGS = YES;
				SWIFT_VERSION = 5.0;
				TARGETED_DEVICE_FAMILY = "1,2";
			};
			name = Release;
		};
		A9BE0C032D77D2FC00BBD371 /* Debug */ = {
			isa = XCBuildConfiguration;
			buildSettings = {
				ALWAYS_SEARCH_USER_PATHS = NO;
				ASSETCATALOG_COMPILER_GENERATE_SWIFT_ASSET_SYMBOL_EXTENSIONS = YES;
				CLANG_ANALYZER_NONNULL = YES;
				CLANG_ANALYZER_NUMBER_OBJECT_CONVERSION = YES_AGGRESSIVE;
				CLANG_CXX_LANGUAGE_STANDARD = "gnu++20";
				CLANG_ENABLE_MODULES = YES;
				CLANG_ENABLE_OBJC_ARC = YES;
				CLANG_ENABLE_OBJC_WEAK = YES;
				CLANG_WARN_BLOCK_CAPTURE_AUTORELEASING = YES;
				CLANG_WARN_BOOL_CONVERSION = YES;
				CLANG_WARN_COMMA = YES;
				CLANG_WARN_CONSTANT_CONVERSION = YES;
				CLANG_WARN_DEPRECATED_OBJC_IMPLEMENTATIONS = YES;
				CLANG_WARN_DIRECT_OBJC_ISA_USAGE = YES_ERROR;
				CLANG_WARN_DOCUMENTATION_COMMENTS = YES;
				CLANG_WARN_EMPTY_BODY = YES;
				CLANG_WARN_ENUM_CONVERSION = YES;
				CLANG_WARN_INFINITE_RECURSION = YES;
				CLANG_WARN_INT_CONVERSION = YES;
				CLANG_WARN_NON_LITERAL_NULL_CONVERSION = YES;
				CLANG_WARN_OBJC_IMPLICIT_RETAIN_SELF = YES;
				CLANG_WARN_OBJC_LITERAL_CONVERSION = YES;
				CLANG_WARN_OBJC_ROOT_CLASS = YES_ERROR;
				CLANG_WARN_QUOTED_INCLUDE_IN_FRAMEWORK_HEADER = YES;
				CLANG_WARN_RANGE_LOOP_ANALYSIS = YES;
				CLANG_WARN_STRICT_PROTOTYPES = YES;
				CLANG_WARN_SUSPICIOUS_MOVE = YES;
				CLANG_WARN_UNGUARDED_AVAILABILITY = YES_AGGRESSIVE;
				CLANG_WARN_UNREACHABLE_CODE = YES;
				CLANG_WARN__DUPLICATE_METHOD_MATCH = YES;
				COPY_PHASE_STRIP = NO;
				DEBUG_INFORMATION_FORMAT = dwarf;
				ENABLE_STRICT_OBJC_MSGSEND = YES;
				ENABLE_TESTABILITY = YES;
				ENABLE_USER_SCRIPT_SANDBOXING = YES;
				GCC_C_LANGUAGE_STANDARD = gnu17;
				GCC_DYNAMIC_NO_PIC = NO;
				GCC_NO_COMMON_BLOCKS = YES;
				GCC_OPTIMIZATION_LEVEL = 0;
				GCC_PREPROCESSOR_DEFINITIONS = (
					"DEBUG=1",
					"$(inherited)",
				);
				GCC_WARN_64_TO_32_BIT_CONVERSION = YES;
				GCC_WARN_ABOUT_RETURN_TYPE = YES_ERROR;
				GCC_WARN_UNDECLARED_SELECTOR = YES;
				GCC_WARN_UNINITIALIZED_AUTOS = YES_AGGRESSIVE;
				GCC_WARN_UNUSED_FUNCTION = YES;
				GCC_WARN_UNUSED_VARIABLE = YES;
				IPHONEOS_DEPLOYMENT_TARGET = 18.2;
				LOCALIZATION_PREFERS_STRING_CATALOGS = YES;
				MTL_ENABLE_DEBUG_INFO = INCLUDE_SOURCE;
				MTL_FAST_MATH = YES;
				ONLY_ACTIVE_ARCH = YES;
				SDKROOT = iphoneos;
				SWIFT_ACTIVE_COMPILATION_CONDITIONS = "DEBUG $(inherited)";
				SWIFT_OPTIMIZATION_LEVEL = "-Onone";
			};
			name = Debug;
		};
		A9BE0C042D77D2FC00BBD371 /* Release */ = {
			isa = XCBuildConfiguration;
			buildSettings = {
				ALWAYS_SEARCH_USER_PATHS = NO;
				ASSETCATALOG_COMPILER_GENERATE_SWIFT_ASSET_SYMBOL_EXTENSIONS = YES;
				CLANG_ANALYZER_NONNULL = YES;
				CLANG_ANALYZER_NUMBER_OBJECT_CONVERSION = YES_AGGRESSIVE;
				CLANG_CXX_LANGUAGE_STANDARD = "gnu++20";
				CLANG_ENABLE_MODULES = YES;
				CLANG_ENABLE_OBJC_ARC = YES;
				CLANG_ENABLE_OBJC_WEAK = YES;
				CLANG_WARN_BLOCK_CAPTURE_AUTORELEASING = YES;
				CLANG_WARN_BOOL_CONVERSION = YES;
				CLANG_WARN_COMMA = YES;
				CLANG_WARN_CONSTANT_CONVERSION = YES;
				CLANG_WARN_DEPRECATED_OBJC_IMPLEMENTATIONS = YES;
				CLANG_WARN_DIRECT_OBJC_ISA_USAGE = YES_ERROR;
				CLANG_WARN_DOCUMENTATION_COMMENTS = YES;
				CLANG_WARN_EMPTY_BODY = YES;
				CLANG_WARN_ENUM_CONVERSION = YES;
				CLANG_WARN_INFINITE_RECURSION = YES;
				CLANG_WARN_INT_CONVERSION = YES;
				CLANG_WARN_NON_LITERAL_NULL_CONVERSION = YES;
				CLANG_WARN_OBJC_IMPLICIT_RETAIN_SELF = YES;
				CLANG_WARN_OBJC_LITERAL_CONVERSION = YES;
				CLANG_WARN_OBJC_ROOT_CLASS = YES_ERROR;
				CLANG_WARN_QUOTED_INCLUDE_IN_FRAMEWORK_HEADER = YES;
				CLANG_WARN_RANGE_LOOP_ANALYSIS = YES;
				CLANG_WARN_STRICT_PROTOTYPES = YES;
				CLANG_WARN_SUSPICIOUS_MOVE = YES;
				CLANG_WARN_UNGUARDED_AVAILABILITY = YES_AGGRESSIVE;
				CLANG_WARN_UNREACHABLE_CODE = YES;
				CLANG_WARN__DUPLICATE_METHOD_MATCH = YES;
				COPY_PHASE_STRIP = NO;
				DEBUG_INFORMATION_FORMAT = "dwarf-with-dsym";
				ENABLE_NS_ASSERTIONS = NO;
				ENABLE_STRICT_OBJC_MSGSEND = YES;
				ENABLE_USER_SCRIPT_SANDBOXING = YES;
				GCC_C_LANGUAGE_STANDARD = gnu17;
				GCC_NO_COMMON_BLOCKS = YES;
				GCC_WARN_64_TO_32_BIT_CONVERSION = YES;
				GCC_WARN_ABOUT_RETURN_TYPE = YES_ERROR;
				GCC_WARN_UNDECLARED_SELECTOR = YES;
				GCC_WARN_UNINITIALIZED_AUTOS = YES_AGGRESSIVE;
				GCC_WARN_UNUSED_FUNCTION = YES;
				GCC_WARN_UNUSED_VARIABLE = YES;
				IPHONEOS_DEPLOYMENT_TARGET = 18.2;
				LOCALIZATION_PREFERS_STRING_CATALOGS = YES;
				MTL_ENABLE_DEBUG_INFO = NO;
				MTL_FAST_MATH = YES;
				SDKROOT = iphoneos;
				SWIFT_COMPILATION_MODE = wholemodule;
				VALIDATE_PRODUCT = YES;
			};
			name = Release;
		};
		A9BE0C062D77D2FC00BBD371 /* Debug */ = {
			isa = XCBuildConfiguration;
			buildSettings = {
				BUNDLE_LOADER = "$(TEST_HOST)";
				CODE_SIGN_STYLE = Automatic;
				CURRENT_PROJECT_VERSION = 1;
				GENERATE_INFOPLIST_FILE = YES;
				IPHONEOS_DEPLOYMENT_TARGET = 18.2;
				MARKETING_VERSION = 1.0;
				PRODUCT_BUNDLE_IDENTIFIER = com.Gtallur1.FinalprojectTests;
				PRODUCT_NAME = "$(TARGET_NAME)";
				SWIFT_EMIT_LOC_STRINGS = NO;
				SWIFT_VERSION = 5.0;
				TARGETED_DEVICE_FAMILY = "1,2";
				TEST_HOST = "$(BUILT_PRODUCTS_DIR)/Finalproject.app/$(BUNDLE_EXECUTABLE_FOLDER_PATH)/Finalproject";
			};
			name = Debug;
		};
		A9BE0C072D77D2FC00BBD371 /* Release */ = {
			isa = XCBuildConfiguration;
			buildSettings = {
				BUNDLE_LOADER = "$(TEST_HOST)";
				CODE_SIGN_STYLE = Automatic;
				CURRENT_PROJECT_VERSION = 1;
				GENERATE_INFOPLIST_FILE = YES;
				IPHONEOS_DEPLOYMENT_TARGET = 18.2;
				MARKETING_VERSION = 1.0;
				PRODUCT_BUNDLE_IDENTIFIER = com.Gtallur1.FinalprojectTests;
				PRODUCT_NAME = "$(TARGET_NAME)";
				SWIFT_EMIT_LOC_STRINGS = NO;
				SWIFT_VERSION = 5.0;
				TARGETED_DEVICE_FAMILY = "1,2";
				TEST_HOST = "$(BUILT_PRODUCTS_DIR)/Finalproject.app/$(BUNDLE_EXECUTABLE_FOLDER_PATH)/Finalproject";
			};
			name = Release;
		};
		A9BE0C092D77D2FC00BBD371 /* Debug */ = {
			isa = XCBuildConfiguration;
			buildSettings = {
				CODE_SIGN_STYLE = Automatic;
				CURRENT_PROJECT_VERSION = 1;
				GENERATE_INFOPLIST_FILE = YES;
				MARKETING_VERSION = 1.0;
				PRODUCT_BUNDLE_IDENTIFIER = com.Gtallur1.FinalprojectUITests;
				PRODUCT_NAME = "$(TARGET_NAME)";
				SWIFT_EMIT_LOC_STRINGS = NO;
				SWIFT_VERSION = 5.0;
				TARGETED_DEVICE_FAMILY = "1,2";
				TEST_TARGET_NAME = Finalproject;
			};
			name = Debug;
		};
		A9BE0C0A2D77D2FC00BBD371 /* Release */ = {
			isa = XCBuildConfiguration;
			buildSettings = {
				CODE_SIGN_STYLE = Automatic;
				CURRENT_PROJECT_VERSION = 1;
				GENERATE_INFOPLIST_FILE = YES;
				MARKETING_VERSION = 1.0;
				PRODUCT_BUNDLE_IDENTIFIER = com.Gtallur1.FinalprojectUITests;
				PRODUCT_NAME = "$(TARGET_NAME)";
				SWIFT_EMIT_LOC_STRINGS = NO;
				SWIFT_VERSION = 5.0;
				TARGETED_DEVICE_FAMILY = "1,2";
				TEST_TARGET_NAME = Finalproject;
			};
			name = Release;
		};
/* End XCBuildConfiguration section */

/* Begin XCConfigurationList section */
		A9BE0BD22D77D2FB00BBD371 /* Build configuration list for PBXProject "Finalproject" */ = {
			isa = XCConfigurationList;
			buildConfigurations = (
				A9BE0C032D77D2FC00BBD371 /* Debug */,
				A9BE0C042D77D2FC00BBD371 /* Release */,
			);
			defaultConfigurationIsVisible = 0;
			defaultConfigurationName = Release;
		};
		A9BE0C002D77D2FC00BBD371 /* Build configuration list for PBXNativeTarget "Finalproject" */ = {
			isa = XCConfigurationList;
			buildConfigurations = (
				A9BE0C012D77D2FC00BBD371 /* Debug */,
				A9BE0C022D77D2FC00BBD371 /* Release */,
			);
			defaultConfigurationIsVisible = 0;
			defaultConfigurationName = Release;
		};
		A9BE0C052D77D2FC00BBD371 /* Build configuration list for PBXNativeTarget "FinalprojectTests" */ = {
			isa = XCConfigurationList;
			buildConfigurations = (
				A9BE0C062D77D2FC00BBD371 /* Debug */,
				A9BE0C072D77D2FC00BBD371 /* Release */,
			);
			defaultConfigurationIsVisible = 0;
			defaultConfigurationName = Release;
		};
		A9BE0C082D77D2FC00BBD371 /* Build configuration list for PBXNativeTarget "FinalprojectUITests" */ = {
			isa = XCConfigurationList;
			buildConfigurations = (
				A9BE0C092D77D2FC00BBD371 /* Debug */,
				A9BE0C0A2D77D2FC00BBD371 /* Release */,
			);
			defaultConfigurationIsVisible = 0;
			defaultConfigurationName = Release;
		};
/* End XCConfigurationList section */
	};
	rootObject = A9BE0BCF2D77D2FB00BBD371 /* Project object */;
}
